
Microsoft Visual Studio Solution File, Format Version 12.00
# Visual Studio 14
VisualStudioVersion = 14.0.25420.1
MinimumVisualStudioVersion = 10.0.40219.1
Project("{FAE04EC0-301F-11D3-BF4B-00C04F79EFBC}") = "项目文档", "项目文档\项目文档.csproj", "{F210D401-222E-46D7-91BB-C0E047991715}"
EndProject
Global
	GlobalSection(SolutionConfigurationPlatforms) = preSolution
		Debug|Any CPU = Debug|Any CPU
		Release|Any CPU = Release|Any CPU
	EndGlobalSection
	GlobalSection(ProjectConfigurationPlatforms) = postSolution
		{F210D401-222E-46D7-91BB-C0E047991715}.Debug|Any CPU.ActiveCfg = Debug|Any CPU
		{F210D401-222E-46D7-91BB-C0E047991715}.Debug|Any CPU.Build.0 = Debug|Any CPU
		{F210D401-222E-46D7-91BB-C0E047991715}.Release|Any CPU.ActiveCfg = Release|Any CPU
		{F210D401-222E-46D7-91BB-C0E047991715}.Release|Any CPU.Build.0 = Release|Any CPU
	EndGlobalSection
	GlobalSection(SolutionProperties) = preSolution
		HideSolutionNode = FALSE
	EndGlobalSection
	GlobalSection(TeamFoundationVersionControl) = preSolution
		SccNumberOfProjects = 2
		SccEnterpriseProvider = {4CA58AB2-18FA-4F8D-95D4-32DDF27D184C}
		SccTeamFoundationServer = http://120.77.67.178:8080/tfs/zheng
		SccLocalPath0 = .
		SccProjectUniqueName1 = 项目文档\\项目文档.csproj
		SccProjectName1 = 项目文档
		SccLocalPath1 = 项目文档
	EndGlobalSection
EndGlobal
