
Microsoft Visual Studio Solution File, Format Version 11.00
# Visual Studio 2010
Project("{FAE04EC0-301F-11D3-BF4B-00C04F79EFBC}") = "test3", "test3\test3.csproj", "{4A1AF2BF-1149-402E-81A5-99CC1A917CE2}"
EndProject
Global
	GlobalSection(TeamFoundationVersionControl) = preSolution
		SccNumberOfProjects = 2
		SccEnterpriseProvider = {4CA58AB2-18FA-4F8D-95D4-32DDF27D184C}
		SccTeamFoundationServer = http://izq5aznwy09rviz:8080/tfs/zheng
		SccLocalPath0 = .
		SccProjectUniqueName1 = test3\\test3.csproj
		SccProjectName1 = test3
		SccLocalPath1 = test3
	EndGlobalSection
	GlobalSection(SolutionConfigurationPlatforms) = preSolution
		Debug|Any CPU = Debug|Any CPU
		Release|Any CPU = Release|Any CPU
	EndGlobalSection
	GlobalSection(ProjectConfigurationPlatforms) = postSolution
		{4A1AF2BF-1149-402E-81A5-99CC1A917CE2}.Debug|Any CPU.ActiveCfg = Debug|Any CPU
		{4A1AF2BF-1149-402E-81A5-99CC1A917CE2}.Debug|Any CPU.Build.0 = Debug|Any CPU
		{4A1AF2BF-1149-402E-81A5-99CC1A917CE2}.Release|Any CPU.ActiveCfg = Release|Any CPU
		{4A1AF2BF-1149-402E-81A5-99CC1A917CE2}.Release|Any CPU.Build.0 = Release|Any CPU
	EndGlobalSection
	GlobalSection(SolutionProperties) = preSolution
		HideSolutionNode = FALSE
	EndGlobalSection
EndGlobal
